
Microsoft Visual Studio Solution File, Format Version 12.00
# Visual Studio Version 17
VisualStudioVersion = 17.2.32616.157
MinimumVisualStudioVersion = 10.0.40219.1
Project("{9A19103F-16F7-4668-BE54-9A1E7A4F7556}") = "StrategyPatternReview", "StrategyPatternReview\StrategyPatternReview.csproj", "{2D911EAC-66BF-4752-8648-070EBEB3F641}"
EndProject
Global
	GlobalSection(SolutionConfigurationPlatforms) = preSolution
		Debug|Any CPU = Debug|Any CPU
		Release|Any CPU = Release|Any CPU
	EndGlobalSection
	GlobalSection(ProjectConfigurationPlatforms) = postSolution
		{2D911EAC-66BF-4752-8648-070EBEB3F641}.Debug|Any CPU.ActiveCfg = Debug|Any CPU
		{2D911EAC-66BF-4752-8648-070EBEB3F641}.Debug|Any CPU.Build.0 = Debug|Any CPU
		{2D911EAC-66BF-4752-8648-070EBEB3F641}.Release|Any CPU.ActiveCfg = Release|Any CPU
		{2D911EAC-66BF-4752-8648-070EBEB3F641}.Release|Any CPU.Build.0 = Release|Any CPU
	EndGlobalSection
	GlobalSection(SolutionProperties) = preSolution
		HideSolutionNode = FALSE
	EndGlobalSection
	GlobalSection(ExtensibilityGlobals) = postSolution
		SolutionGuid = {7AD519CC-9187-4E10-9A69-CD8DF4104AC2}
	EndGlobalSection
EndGlobal
